
Microsoft Visual Studio Solution File, Format Version 12.00
# Visual Studio Version 16
VisualStudioVersion = 16.0.30804.86
MinimumVisualStudioVersion = 10.0.40219.1
Project("{FAE04EC0-301F-11D3-BF4B-00C04F79EFBC}") = "Lab7", "Lab7\Lab7.csproj", "{EB6A7F59-5AC3-40F1-B2B2-A97F22DC183B}"
EndProject
Global
	GlobalSection(SolutionConfigurationPlatforms) = preSolution
		Debug|Any CPU = Debug|Any CPU
		Release|Any CPU = Release|Any CPU
	EndGlobalSection
	GlobalSection(ProjectConfigurationPlatforms) = postSolution
		{EB6A7F59-5AC3-40F1-B2B2-A97F22DC183B}.Debug|Any CPU.ActiveCfg = Debug|Any CPU
		{EB6A7F59-5AC3-40F1-B2B2-A97F22DC183B}.Debug|Any CPU.Build.0 = Debug|Any CPU
		{EB6A7F59-5AC3-40F1-B2B2-A97F22DC183B}.Release|Any CPU.ActiveCfg = Release|Any CPU
		{EB6A7F59-5AC3-40F1-B2B2-A97F22DC183B}.Release|Any CPU.Build.0 = Release|Any CPU
	EndGlobalSection
	GlobalSection(SolutionProperties) = preSolution
		HideSolutionNode = FALSE
	EndGlobalSection
	GlobalSection(ExtensibilityGlobals) = postSolution
		SolutionGuid = {5A836756-B6B3-463F-8555-BA95C27BBA36}
	EndGlobalSection
EndGlobal
